
Microsoft Visual Studio Solution File, Format Version 12.00
# Visual Studio Version 17
VisualStudioVersion = 17.3.32901.215
MinimumVisualStudioVersion = 10.0.40219.1
Project("{FAE04EC0-301F-11D3-BF4B-00C04F79EFBC}") = "FSEDataFeed", "FSEDataFeed\FSEDataFeed.csproj", "{EB2C274D-9FE8-41F1-AAFD-5E348467BA1C}"
EndProject
Project("{FAE04EC0-301F-11D3-BF4B-00C04F79EFBC}") = "FSEDataFeedTests", "FSEDataFeedTests\FSEDataFeedTests.csproj", "{35B0AF13-C5BD-4836-8129-1BE9EEB8E55C}"
EndProject
Project("{9A19103F-16F7-4668-BE54-9A1E7A4F7556}") = "FSEJobFinderConsoleApp", "FSEDataFeedConsoleApp\FSEJobFinderConsoleApp.csproj", "{EF86DC52-4F45-48FF-A2C3-D2B1A6B5312D}"
EndProject
Project("{FAE04EC0-301F-11D3-BF4B-00C04F79EFBC}") = "FSEDataFeedAPI", "FSEDataFeedAPI\FSEDataFeedAPI.csproj", "{ACAEF09A-DAB9-4E9B-B10E-8A7B05559F11}"
EndProject
Global
	GlobalSection(SolutionConfigurationPlatforms) = preSolution
		Debug|Any CPU = Debug|Any CPU
		Release|Any CPU = Release|Any CPU
	EndGlobalSection
	GlobalSection(ProjectConfigurationPlatforms) = postSolution
		{EB2C274D-9FE8-41F1-AAFD-5E348467BA1C}.Debug|Any CPU.ActiveCfg = Debug|Any CPU
		{EB2C274D-9FE8-41F1-AAFD-5E348467BA1C}.Debug|Any CPU.Build.0 = Debug|Any CPU
		{EB2C274D-9FE8-41F1-AAFD-5E348467BA1C}.Release|Any CPU.ActiveCfg = Release|Any CPU
		{EB2C274D-9FE8-41F1-AAFD-5E348467BA1C}.Release|Any CPU.Build.0 = Release|Any CPU
		{35B0AF13-C5BD-4836-8129-1BE9EEB8E55C}.Debug|Any CPU.ActiveCfg = Debug|Any CPU
		{35B0AF13-C5BD-4836-8129-1BE9EEB8E55C}.Debug|Any CPU.Build.0 = Debug|Any CPU
		{35B0AF13-C5BD-4836-8129-1BE9EEB8E55C}.Release|Any CPU.ActiveCfg = Release|Any CPU
		{35B0AF13-C5BD-4836-8129-1BE9EEB8E55C}.Release|Any CPU.Build.0 = Release|Any CPU
		{EF86DC52-4F45-48FF-A2C3-D2B1A6B5312D}.Debug|Any CPU.ActiveCfg = Debug|Any CPU
		{EF86DC52-4F45-48FF-A2C3-D2B1A6B5312D}.Debug|Any CPU.Build.0 = Debug|Any CPU
		{EF86DC52-4F45-48FF-A2C3-D2B1A6B5312D}.Release|Any CPU.ActiveCfg = Release|Any CPU
		{EF86DC52-4F45-48FF-A2C3-D2B1A6B5312D}.Release|Any CPU.Build.0 = Release|Any CPU
		{ACAEF09A-DAB9-4E9B-B10E-8A7B05559F11}.Debug|Any CPU.ActiveCfg = Debug|Any CPU
		{ACAEF09A-DAB9-4E9B-B10E-8A7B05559F11}.Debug|Any CPU.Build.0 = Debug|Any CPU
		{ACAEF09A-DAB9-4E9B-B10E-8A7B05559F11}.Release|Any CPU.ActiveCfg = Release|Any CPU
		{ACAEF09A-DAB9-4E9B-B10E-8A7B05559F11}.Release|Any CPU.Build.0 = Release|Any CPU
	EndGlobalSection
	GlobalSection(SolutionProperties) = preSolution
		HideSolutionNode = FALSE
	EndGlobalSection
	GlobalSection(ExtensibilityGlobals) = postSolution
		SolutionGuid = {839DA770-FAC8-448A-A273-7D40578DF7D3}
	EndGlobalSection
EndGlobal
